
Microsoft Visual Studio Solution File, Format Version 12.00
# Visual Studio Version 17
VisualStudioVersion = 17.8.34330.188
MinimumVisualStudioVersion = 10.0.40219.1
Project("{FAE04EC0-301F-11D3-BF4B-00C04F79EFBC}") = "practical 1", "practical 1\practical 1.csproj", "{65D3D54C-FB71-4413-9349-C87630BC231D}"
EndProject
Global
	GlobalSection(SolutionConfigurationPlatforms) = preSolution
		Debug|Any CPU = Debug|Any CPU
		Release|Any CPU = Release|Any CPU
	EndGlobalSection
	GlobalSection(ProjectConfigurationPlatforms) = postSolution
		{65D3D54C-FB71-4413-9349-C87630BC231D}.Debug|Any CPU.ActiveCfg = Debug|Any CPU
		{65D3D54C-FB71-4413-9349-C87630BC231D}.Debug|Any CPU.Build.0 = Debug|Any CPU
		{65D3D54C-FB71-4413-9349-C87630BC231D}.Release|Any CPU.ActiveCfg = Release|Any CPU
		{65D3D54C-FB71-4413-9349-C87630BC231D}.Release|Any CPU.Build.0 = Release|Any CPU
	EndGlobalSection
	GlobalSection(SolutionProperties) = preSolution
		HideSolutionNode = FALSE
	EndGlobalSection
	GlobalSection(ExtensibilityGlobals) = postSolution
		SolutionGuid = {AE5BF8ED-5CDE-4DBD-93CD-969D59CF5344}
	EndGlobalSection
EndGlobal
